# THIS IS AN AUTOGENERATED FILE. DO NOT EDIT THIS FILE DIRECTLY.
# yarn lockfile v1


"@types/node-fetch@^2.5.10":
  version "2.5.10"
  resolved "https://registry.yarnpkg.com/@types/node-fetch/-/node-fetch-2.5.10.tgz#9b4d4a0425562f9fcea70b12cb3fcdd946ca8132"
  integrity sha512-IpkX0AasN44hgEad0gEF/V6EgR5n69VEqPEgnmoM8GsIGro3PowbWs4tR6IhxUTyPLpOn+fiGG6nrQhcmoCuIQ==
  dependencies:
    "@types/node" "*"
    form-data "^3.0.0"

"@types/node@*", "@types/node@>=14":
  version "15.12.2"
  resolved "https://registry.yarnpkg.com/@types/node/-/node-15.12.2.tgz#1f2b42c4be7156ff4a6f914b2fb03d05fa84e38d"
  integrity sha512-zjQ69G564OCIWIOHSXyQEEDpdpGl+G348RAKY0XXy9Z5kU9Vzv1GMNnkar/ZJ8dzXB3COzD9Mo9NtRZ4xfgUww==

"@types/semver@^7.3.6":
  version "7.3.6"
  resolved "https://registry.yarnpkg.com/@types/semver/-/semver-7.3.6.tgz#e9831776f4512a7ba6da53e71c26e5fb67882d63"
  integrity sha512-0caWDWmpCp0uifxFh+FaqK3CuZ2SkRR/ZRxAV5+zNdC3QVUi6wyOJnefhPvtNt8NQWXB5OA93BUvZsXpWat2Xw==

asynckit@^0.4.0:
  version "0.4.0"
  resolved "https://registry.yarnpkg.com/asynckit/-/asynckit-0.4.0.tgz#c79ed97f7f34cb8f2ba1bc9790bcc366474b4b79"
  integrity sha1-x57Zf380y48robyXkLzDZkdLS3k=

combined-stream@^1.0.8:
  version "1.0.8"
  resolved "https://registry.yarnpkg.com/combined-stream/-/combined-stream-1.0.8.tgz#c3d45a8b34fd730631a110a8a2520682b31d5a7f"
  integrity sha512-FQN4MRfuJeHf7cBbBMJFXhKSDq+2kAArBlmRBvcvFE5BB1HZKXtSFASDhdlz9zOYwxh8lDdnvmMOe/+5cdoEdg==
  dependencies:
    delayed-stream "~1.0.0"

delayed-stream@~1.0.0:
  version "1.0.0"
  resolved "https://registry.yarnpkg.com/delayed-stream/-/delayed-stream-1.0.0.tgz#df3ae199acadfb7d440aaae0b29e2272b24ec619"
  integrity sha1-3zrhmayt+31ECqrgsp4icrJOxhk=

doge-config@^0.3.0-3:
  version "0.3.0-3"
  resolved "https://registry.yarnpkg.com/doge-config/-/doge-config-0.3.0-3.tgz#1ddd0916bbe2d94e04865dd83a61118fd1360ade"
  integrity sha512-CxHA26bLknaf05IiMoYmO7xaH4aMN42whIdnAtsADsaBPGbgSHzFVL0RaZ+HF+eRPkGZzc+p3NcjjoylNAzJlw==
  dependencies:
    doge-json "^1.0.4"

doge-json@^1.0.4:
  version "1.0.4"
  resolved "https://registry.yarnpkg.com/doge-json/-/doge-json-1.0.4.tgz#2f4196ac7f9d79b582fb1e747c3d78bc5abcf794"
  integrity sha512-4E/33E0ylyCsGyM5LDEkBTxtq7sI5hV/hgMZl9naqtu8iV+Sow/t2j1CrUqdEWSieLxHtOJ7HfgbLPuDo37k7A==

form-data@^3.0.0:
  version "3.0.1"
  resolved "https://registry.yarnpkg.com/form-data/-/form-data-3.0.1.tgz#ebd53791b78356a99af9a300d4282c4d5eb9755f"
  integrity sha512-RHkBKtLWUVwd7SqRIvCZMEvAMoGUp0XU+seQiZejj0COz3RI3hWP4sCv3gZWWLjJTd7rGwcsF5eKZGii0r/hbg==
  dependencies:
    asynckit "^0.4.0"
    combined-stream "^1.0.8"
    mime-types "^2.1.12"

kleur@^3.0.3:
  version "3.0.3"
  resolved "https://registry.yarnpkg.com/kleur/-/kleur-3.0.3.tgz#a79c9ecc86ee1ce3fa6206d1216c501f147fc07e"
  integrity sha512-eTIzlVOSUR+JxdDFepEYcBMtZ9Qqdef+rnzWdRZuMbOywu5tO2w2N7rqjoANZ5k9vywhL6Br1VRjUIgTQx4E8w==

lru-cache@^6.0.0:
  version "6.0.0"
  resolved "https://registry.yarnpkg.com/lru-cache/-/lru-cache-6.0.0.tgz#6d6fe6570ebd96aaf90fcad1dafa3b2566db3a94"
  integrity sha512-Jo6dJ04CmSjuznwJSS3pUeWmd/H0ffTlkXXgwZi+eq1UCmqQwCh+eLsYOYCwY991i2Fah4h1BEMCx4qThGbsiA==
  dependencies:
    yallist "^4.0.0"

mime-db@1.48.0:
  version "1.48.0"
  resolved "https://registry.yarnpkg.com/mime-db/-/mime-db-1.48.0.tgz#e35b31045dd7eada3aaad537ed88a33afbef2d1d"
  integrity sha512-FM3QwxV+TnZYQ2aRqhlKBMHxk10lTbMt3bBkMAp54ddrNeVSfcQYOOKuGuy3Ddrm38I04If834fOUSq1yzslJQ==

mime-types@^2.1.12:
  version "2.1.31"
  resolved "https://registry.yarnpkg.com/mime-types/-/mime-types-2.1.31.tgz#a00d76b74317c61f9c2db2218b8e9f8e9c5c9e6b"
  integrity sha512-XGZnNzm3QvgKxa8dpzyhFTHmpP3l5YNusmne07VUOXxou9CqUqYa/HBy124RqtVh/O2pECas/MOcsDgpilPOPg==
  dependencies:
    mime-db "1.48.0"

node-fetch@^2.6.1:
  version "2.6.1"
  resolved "https://registry.yarnpkg.com/node-fetch/-/node-fetch-2.6.1.tgz#045bd323631f76ed2e2b55573394416b639a0052"
  integrity sha512-V4aYg89jEoVRxRb2fJdAg8FHvI7cEyYdVAh94HH0UIK8oJxUfkjlDQN9RbMx+bEjP7+ggMiFRprSti032Oipxw==

nslibmgr@^0.1.2:
  version "0.1.2"
  resolved "https://registry.yarnpkg.com/nslibmgr/-/nslibmgr-0.1.2.tgz#18e798f68af2135f8d1d53d6fb47e44285273736"
  integrity sha512-Rh1abx+Gv5pyow/oNwHHftEGG/fHJxvN87eydDj3VT2GQVbN3cehwwGUtepsL901NSqU1hTuKfLW5GyfrzdU9g==
  dependencies:
    doge-config "^0.3.0-3"
    prompts "^2.4.1"

prompts@^2.4.1:
  version "2.4.1"
  resolved "https://registry.yarnpkg.com/prompts/-/prompts-2.4.1.tgz#befd3b1195ba052f9fd2fde8a486c4e82ee77f61"
  integrity sha512-EQyfIuO2hPDsX1L/blblV+H7I0knhgAd82cVneCwcdND9B8AuCDuRcBH6yIcG4dFzlOUqbazQqwGjx5xmsNLuQ==
  dependencies:
    kleur "^3.0.3"
    sisteransi "^1.0.5"

semver@^7.3.5:
  version "7.3.5"
  resolved "https://registry.yarnpkg.com/semver/-/semver-7.3.5.tgz#0b621c879348d8998e4b0e4be94b3f12e6018ef7"
  integrity sha512-PoeGJYh8HK4BTO/a9Tf6ZG3veo/A7ZVsYrSA6J8ny9nb3B1VrpkuN+z9OE5wfE5p6H4LchYZsegiQgbJD94ZFQ==
  dependencies:
    lru-cache "^6.0.0"

sisteransi@^1.0.5:
  version "1.0.5"
  resolved "https://registry.yarnpkg.com/sisteransi/-/sisteransi-1.0.5.tgz#134d681297756437cc05ca01370d3a7a571075ed"
  integrity sha512-bLGGlR1QxBcynn2d5YmDX4MGjlZvy2MRBDRNHLJ8VI6l6+9FUiyTFNJ0IveOSP0bcXgVDPRcfGqA0pjaqUpfVg==

yallist@^4.0.0:
  version "4.0.0"
  resolved "https://registry.yarnpkg.com/yallist/-/yallist-4.0.0.tgz#9bb92790d9c0effec63be73519e11a35019a3a72"
  integrity sha512-3wdGidZyq5PB084XLES5TpOSRA3wjXAlIWMhum2kRcv/41Sn2emQ0dycQW4uZXLejwKvg6EsvbdlVL+FYEct7A==
